// !$*UTF8*$!
{
	archiveVersion = 1;
	classes = {
	};
	objectVersion = 90;
	objects = {

/* Begin PBXBuildFile section */
		F847CFEC2F5B58270047F285 /* FeedbackView_Hookup.md in Resources */ = {isa = PBXBuildFile; fileRef = F847CFEB2F5B58270047F285 /* FeedbackView_Hookup.md */; };
		F8F1BAF22F59E354009C2630 /* XCODE_SETUP.md in Resources */ = {isa = PBXBuildFile; fileRef = F8F1BAF12F59E354009C2630 /* XCODE_SETUP.md */; };
		F8F1BB442F5A20A7009C2630 /* StrongGutAppClip.app in Embed App Clips */ = {isa = PBXBuildFile; fileRef = F8F1BB202F5A20A5009C2630 /* StrongGutAppClip.app */; settings = {ATTRIBUTES = (RemoveHeadersOnCopy, ); }; };
/* End PBXBuildFile section */

/* Begin PBXContainerItemProxy section */
		F8F1A4932F59DDA9009C2630 /* PBXContainerItemProxy */ = {
			isa = PBXContainerItemProxy;
			containerPortal = F8F1A47B2F59DDA7009C2630 /* Project object */;
			proxyType = 1;
			remoteGlobalIDString = F8F1A4822F59DDA7009C2630;
			remoteInfo = GutSense;
		};
		F8F1A49D2F59DDA9009C2630 /* PBXContainerItemProxy */ = {
			isa = PBXContainerItemProxy;
			containerPortal = F8F1A47B2F59DDA7009C2630 /* Project object */;
			proxyType = 1;
			remoteGlobalIDString = F8F1A4822F59DDA7009C2630;
			remoteInfo = GutSense;
		};
		F8F1BB312F5A20A7009C2630 /* PBXContainerItemProxy */ = {
			isa = PBXContainerItemProxy;
			containerPortal = F8F1A47B2F59DDA7009C2630 /* Project object */;
			proxyType = 1;
			remoteGlobalIDString = F8F1BB1F2F5A20A5009C2630;
			remoteInfo = StrongGutAppClip;
		};
		F8F1BB3B2F5A20A7009C2630 /* PBXContainerItemProxy */ = {
			isa = PBXContainerItemProxy;
			containerPortal = F8F1A47B2F59DDA7009C2630 /* Project object */;
			proxyType = 1;
			remoteGlobalIDString = F8F1BB1F2F5A20A5009C2630;
			remoteInfo = StrongGutAppClip;
		};
		F8F1BB422F5A20A7009C2630 /* PBXContainerItemProxy */ = {
			isa = PBXContainerItemProxy;
			containerPortal = F8F1A47B2F59DDA7009C2630 /* Project object */;
			proxyType = 1;
			remoteGlobalIDString = F8F1BB1F2F5A20A5009C2630;
			remoteInfo = StrongGutAppClip;
		};
/* End PBXContainerItemProxy section */

/* Begin PBXCopyFilesBuildPhase section */
		F8F1BB492F5A20A7009C2630 /* Embed App Clips */ = {
			isa = PBXCopyFilesBuildPhase;
			dstPath = "$(CONTENTS_FOLDER_PATH)/AppClips";
			dstSubfolder = Product;
			files = (
				F8F1BB442F5A20A7009C2630 /* StrongGutAppClip.app in Embed App Clips */,
			);
			name = "Embed App Clips";
		};
/* End PBXCopyFilesBuildPhase section */

/* Begin PBXFileReference section */
		F847CFEB2F5B58270047F285 /* FeedbackView_Hookup.md */ = {isa = PBXFileReference; lastKnownFileType = net.daringfireball.markdown; path = FeedbackView_Hookup.md; sourceTree = "<group>"; };
		F8F1A4832F59DDA7009C2630 /* GutSense.app */ = {isa = PBXFileReference; explicitFileType = wrapper.application; includeInIndex = 0; path = GutSense.app; sourceTree = BUILT_PRODUCTS_DIR; };
		F8F1A4922F59DDA9009C2630 /* GutSenseTests.xctest */ = {isa = PBXFileReference; explicitFileType = wrapper.cfbundle; includeInIndex = 0; path = GutSenseTests.xctest; sourceTree = BUILT_PRODUCTS_DIR; };
		F8F1A49C2F59DDA9009C2630 /* GutSenseUITests.xctest */ = {isa = PBXFileReference; explicitFileType = wrapper.cfbundle; includeInIndex = 0; path = GutSenseUITests.xctest; sourceTree = BUILT_PRODUCTS_DIR; };
		F8F1BAF12F59E354009C2630 /* XCODE_SETUP.md */ = {isa = PBXFileReference; lastKnownFileType = net.daringfireball.markdown; path = XCODE_SETUP.md; sourceTree = "<group>"; };
		F8F1BB202F5A20A5009C2630 /* StrongGutAppClip.app */ = {isa = PBXFileReference; explicitFileType = wrapper.application; includeInIndex = 0; path = StrongGutAppClip.app; sourceTree = BUILT_PRODUCTS_DIR; };
		F8F1BB302F5A20A7009C2630 /* StrongGutAppClipTests.xctest */ = {isa = PBXFileReference; explicitFileType = wrapper.cfbundle; includeInIndex = 0; path = StrongGutAppClipTests.xctest; sourceTree = BUILT_PRODUCTS_DIR; };
		F8F1BB3A2F5A20A7009C2630 /* StrongGutAppClipUITests.xctest */ = {isa = PBXFileReference; explicitFileType = wrapper.cfbundle; includeInIndex = 0; path = StrongGutAppClipUITests.xctest; sourceTree = BUILT_PRODUCTS_DIR; };
/* End PBXFileReference section */

/* Begin PBXFileSystemSynchronizedBuildFileExceptionSet section */
		F818D4672F5A677A0033C79B /* Exceptions for "GutSense" folder in "GutSense" target */ = {
			isa = PBXFileSystemSynchronizedBuildFileExceptionSet;
			membershipExceptions = (
				Info.plist,
			);
			target = F8F1A4822F59DDA7009C2630 /* GutSense */;
		};
		F8F1BB452F5A20A7009C2630 /* Exceptions for "StrongGutAppClip" folder in "StrongGutAppClip" target */ = {
			isa = PBXFileSystemSynchronizedBuildFileExceptionSet;
			membershipExceptions = (
				Info.plist,
			);
			target = F8F1BB1F2F5A20A5009C2630 /* StrongGutAppClip */;
		};
		F8F1BB572F5A22B5009C2630 /* Exceptions for "GutSense" folder in "StrongGutAppClip" target */ = {
			isa = PBXFileSystemSynchronizedBuildFileExceptionSet;
			membershipExceptions = (
				BackendAPIService.swift,
				DomainModels.swift,
				FeedbackView.swift,
				FoundationModelAvailability.swift,
				KeychainService.swift,
				Models.swift,
				QueryInputMode.swift,
				ServingAmountView.swift,
				ThreePaneResultsView.swift,
			);
			target = F8F1BB1F2F5A20A5009C2630 /* StrongGutAppClip */;
		};
/* End PBXFileSystemSynchronizedBuildFileExceptionSet section */

/* Begin PBXFileSystemSynchronizedRootGroup section */
		F8F1A4852F59DDA7009C2630 /* GutSense */ = {
			isa = PBXFileSystemSynchronizedRootGroup;
			exceptions = (
				F818D4672F5A677A0033C79B /* Exceptions for "GutSense" folder in "GutSense" target */,
				F8F1BB572F5A22B5009C2630 /* Exceptions for "GutSense" folder in "StrongGutAppClip" target */,
			);
			path = GutSense;
			sourceTree = "<group>";
		};
		F8F1A4952F59DDA9009C2630 /* GutSenseTests */ = {
			isa = PBXFileSystemSynchronizedRootGroup;
			path = GutSenseTests;
			sourceTree = "<group>";
		};
		F8F1A49F2F59DDA9009C2630 /* GutSenseUITests */ = {
			isa = PBXFileSystemSynchronizedRootGroup;
			path = GutSenseUITests;
			sourceTree = "<group>";
		};
		F8F1BB212F5A20A5009C2630 /* StrongGutAppClip */ = {
			isa = PBXFileSystemSynchronizedRootGroup;
			exceptions = (
				F8F1BB452F5A20A7009C2630 /* Exceptions for "StrongGutAppClip" folder in "StrongGutAppClip" target */,
			);
			path = StrongGutAppClip;
			sourceTree = "<group>";
		};
		F8F1BB332F5A20A7009C2630 /* StrongGutAppClipTests */ = {
			isa = PBXFileSystemSynchronizedRootGroup;
			path = StrongGutAppClipTests;
			sourceTree = "<group>";
		};
		F8F1BB3D2F5A20A7009C2630 /* StrongGutAppClipUITests */ = {
			isa = PBXFileSystemSynchronizedRootGroup;
			path = StrongGutAppClipUITests;
			sourceTree = "<group>";
		};
/* End PBXFileSystemSynchronizedRootGroup section */

/* Begin PBXFrameworksBuildPhase section */
		F8F1A4802F59DDA7009C2630 /* Frameworks */ = {
			isa = PBXFrameworksBuildPhase;
			files = (
			);
		};
		F8F1A48F2F59DDA9009C2630 /* Frameworks */ = {
			isa = PBXFrameworksBuildPhase;
			files = (
			);
		};
		F8F1A4992F59DDA9009C2630 /* Frameworks */ = {
			isa = PBXFrameworksBuildPhase;
			files = (
			);
		};
		F8F1BB1D2F5A20A5009C2630 /* Frameworks */ = {
			isa = PBXFrameworksBuildPhase;
			files = (
			);
		};
		F8F1BB2D2F5A20A7009C2630 /* Frameworks */ = {
			isa = PBXFrameworksBuildPhase;
			files = (
			);
		};
		F8F1BB372F5A20A7009C2630 /* Frameworks */ = {
			isa = PBXFrameworksBuildPhase;
			files = (
			);
		};
/* End PBXFrameworksBuildPhase section */

/* Begin PBXGroup section */
		F8F1A47A2F59DDA7009C2630 = {
			isa = PBXGroup;
			children = (
				F8F1A4852F59DDA7009C2630 /* GutSense */,
				F8F1A4952F59DDA9009C2630 /* GutSenseTests */,
				F8F1A49F2F59DDA9009C2630 /* GutSenseUITests */,
				F8F1BB212F5A20A5009C2630 /* StrongGutAppClip */,
				F8F1BB332F5A20A7009C2630 /* StrongGutAppClipTests */,
				F8F1BB3D2F5A20A7009C2630 /* StrongGutAppClipUITests */,
				F8F1A4842F59DDA7009C2630 /* Products */,
				F8F1BAF12F59E354009C2630 /* XCODE_SETUP.md */,
				F847CFEB2F5B58270047F285 /* FeedbackView_Hookup.md */,
			);
			sourceTree = "<group>";
		};
		F8F1A4842F59DDA7009C2630 /* Products */ = {
			isa = PBXGroup;
			children = (
				F8F1A4832F59DDA7009C2630 /* GutSense.app */,
				F8F1A4922F59DDA9009C2630 /* GutSenseTests.xctest */,
				F8F1A49C2F59DDA9009C2630 /* GutSenseUITests.xctest */,
				F8F1BB202F5A20A5009C2630 /* StrongGutAppClip.app */,
				F8F1BB302F5A20A7009C2630 /* StrongGutAppClipTests.xctest */,
				F8F1BB3A2F5A20A7009C2630 /* StrongGutAppClipUITests.xctest */,
			);
			name = Products;
			sourceTree = "<group>";
		};
/* End PBXGroup section */

/* Begin PBXNativeTarget section */
		F8F1A4822F59DDA7009C2630 /* GutSense */ = {
			isa = PBXNativeTarget;
			buildConfigurationList = F8F1A4A62F59DDA9009C2630 /* Build configuration list for PBXNativeTarget "GutSense" */;
			buildPhases = (
				F8F1A47F2F59DDA7009C2630 /* Sources */,
				F8F1A4802F59DDA7009C2630 /* Frameworks */,
				F8F1A4812F59DDA7009C2630 /* Resources */,
				F8F1BB492F5A20A7009C2630 /* Embed App Clips */,
			);
			buildRules = (
			);
			dependencies = (
				F8F1BB432F5A20A7009C2630 /* PBXTargetDependency */,
			);
			fileSystemSynchronizedGroups = (
				F8F1A4852F59DDA7009C2630 /* GutSense */,
			);
			name = GutSense;
			productName = GutSense;
			productReference = F8F1A4832F59DDA7009C2630 /* GutSense.app */;
			productType = "com.apple.product-type.application";
		};
		F8F1A4912F59DDA9009C2630 /* GutSenseTests */ = {
			isa = PBXNativeTarget;
			buildConfigurationList = F8F1A4A92F59DDA9009C2630 /* Build configuration list for PBXNativeTarget "GutSenseTests" */;
			buildPhases = (
				F8F1A48E2F59DDA9009C2630 /* Sources */,
				F8F1A48F2F59DDA9009C2630 /* Frameworks */,
				F8F1A4902F59DDA9009C2630 /* Resources */,
			);
			buildRules = (
			);
			dependencies = (
				F8F1A4942F59DDA9009C2630 /* PBXTargetDependency */,
			);
			fileSystemSynchronizedGroups = (
				F8F1A4952F59DDA9009C2630 /* GutSenseTests */,
			);
			name = GutSenseTests;
			productName = GutSenseTests;
			productReference = F8F1A4922F59DDA9009C2630 /* GutSenseTests.xctest */;
			productType = "com.apple.product-type.bundle.unit-test";
		};
		F8F1A49B2F59DDA9009C2630 /* GutSenseUITests */ = {
			isa = PBXNativeTarget;
			buildConfigurationList = F8F1A4AC2F59DDA9009C2630 /* Build configuration list for PBXNativeTarget "GutSenseUITests" */;
			buildPhases = (
				F8F1A4982F59DDA9009C2630 /* Sources */,
				F8F1A4992F59DDA9009C2630 /* Frameworks */,
				F8F1A49A2F59DDA9009C2630 /* Resources */,
			);
			buildRules = (
			);
			dependencies = (
				F8F1A49E2F59DDA9009C2630 /* PBXTargetDependency */,
			);
			fileSystemSynchronizedGroups = (
				F8F1A49F2F59DDA9009C2630 /* GutSenseUITests */,
			);
			name = GutSenseUITests;
			productName = GutSenseUITests;
			productReference = F8F1A49C2F59DDA9009C2630 /* GutSenseUITests.xctest */;
			productType = "com.apple.product-type.bundle.ui-testing";
		};
		F8F1BB1F2F5A20A5009C2630 /* StrongGutAppClip */ = {
			isa = PBXNativeTarget;
			buildConfigurationList = F8F1BB462F5A20A7009C2630 /* Build configuration list for PBXNativeTarget "StrongGutAppClip" */;
			buildPhases = (
				F8F1BB1C2F5A20A5009C2630 /* Sources */,
				F8F1BB1D2F5A20A5009C2630 /* Frameworks */,
				F8F1BB1E2F5A20A5009C2630 /* Resources */,
			);
			buildRules = (
			);
			fileSystemSynchronizedGroups = (
				F8F1BB212F5A20A5009C2630 /* StrongGutAppClip */,
			);
			name = StrongGutAppClip;
			productName = StrongGutAppClip;
			productReference = F8F1BB202F5A20A5009C2630 /* StrongGutAppClip.app */;
			productType = "com.apple.product-type.application.on-demand-install-capable";
		};
		F8F1BB2F2F5A20A7009C2630 /* StrongGutAppClipTests */ = {
			isa = PBXNativeTarget;
			buildConfigurationList = F8F1BB4A2F5A20A7009C2630 /* Build configuration list for PBXNativeTarget "StrongGutAppClipTests" */;
			buildPhases = (
				F8F1BB2C2F5A20A7009C2630 /* Sources */,
				F8F1BB2D2F5A20A7009C2630 /* Frameworks */,
				F8F1BB2E2F5A20A7009C2630 /* Resources */,
			);
			buildRules = (
			);
			dependencies = (
				F8F1BB322F5A20A7009C2630 /* PBXTargetDependency */,
			);
			fileSystemSynchronizedGroups = (
				F8F1BB332F5A20A7009C2630 /* StrongGutAppClipTests */,
			);
			name = StrongGutAppClipTests;
			productName = StrongGutAppClipTests;
			productReference = F8F1BB302F5A20A7009C2630 /* StrongGutAppClipTests.xctest */;
			productType = "com.apple.product-type.bundle.unit-test";
		};
		F8F1BB392F5A20A7009C2630 /* StrongGutAppClipUITests */ = {
			isa = PBXNativeTarget;
			buildConfigurationList = F8F1BB4D2F5A20A7009C2630 /* Build configuration list for PBXNativeTarget "StrongGutAppClipUITests" */;
			buildPhases = (
				F8F1BB362F5A20A7009C2630 /* Sources */,
				F8F1BB372F5A20A7009C2630 /* Frameworks */,
				F8F1BB382F5A20A7009C2630 /* Resources */,
			);
			buildRules = (
			);
			dependencies = (
				F8F1BB3C2F5A20A7009C2630 /* PBXTargetDependency */,
			);
			fileSystemSynchronizedGroups = (
				F8F1BB3D2F5A20A7009C2630 /* StrongGutAppClipUITests */,
			);
			name = StrongGutAppClipUITests;
			productName = StrongGutAppClipUITests;
			productReference = F8F1BB3A2F5A20A7009C2630 /* StrongGutAppClipUITests.xctest */;
			productType = "com.apple.product-type.bundle.ui-testing";
		};
/* End PBXNativeTarget section */

/* Begin PBXProject section */
		F8F1A47B2F59DDA7009C2630 /* Project object */ = {
			isa = PBXProject;
			attributes = {
				BuildIndependentTargetsInParallel = 1;
				LastSwiftUpdateCheck = 2630;
				LastUpgradeCheck = 2630;
				TargetAttributes = {
					F8F1A4822F59DDA7009C2630 = {
						CreatedOnToolsVersion = 26.3;
					};
					F8F1A4912F59DDA9009C2630 = {
						CreatedOnToolsVersion = 26.3;
						TestTargetID = F8F1A4822F59DDA7009C2630;
					};
					F8F1A49B2F59DDA9009C2630 = {
						CreatedOnToolsVersion = 26.3;
						TestTargetID = F8F1A4822F59DDA7009C2630;
					};
					F8F1BB1F2F5A20A5009C2630 = {
						CreatedOnToolsVersion = 26.3;
					};
					F8F1BB2F2F5A20A7009C2630 = {
						CreatedOnToolsVersion = 26.3;
						TestTargetID = F8F1BB1F2F5A20A5009C2630;
					};
					F8F1BB392F5A20A7009C2630 = {
						CreatedOnToolsVersion = 26.3;
						TestTargetID = F8F1BB1F2F5A20A5009C2630;
					};
				};
			};
			buildConfigurationList = F8F1A47E2F59DDA7009C2630 /* Build configuration list for PBXProject "GutSense" */;
			developmentRegion = en;
			hasScannedForEncodings = 0;
			knownRegions = (
				en,
				Base,
			);
			mainGroup = F8F1A47A2F59DDA7009C2630;
			minimizedProjectReferenceProxies = 1;
			preferredProjectObjectVersion = 90;
			productRefGroup = F8F1A4842F59DDA7009C2630 /* Products */;
			projectDirPath = "";
			projectRoot = "";
			targets = (
				F8F1A4822F59DDA7009C2630 /* GutSense */,
				F8F1A4912F59DDA9009C2630 /* GutSenseTests */,
				F8F1A49B2F59DDA9009C2630 /* GutSenseUITests */,
				F8F1BB1F2F5A20A5009C2630 /* StrongGutAppClip */,
				F8F1BB2F2F5A20A7009C2630 /* StrongGutAppClipTests */,
				F8F1BB392F5A20A7009C2630 /* StrongGutAppClipUITests */,
			);
		};
/* End PBXProject section */

/* Begin PBXResourcesBuildPhase section */
		F8F1A4812F59DDA7009C2630 /* Resources */ = {
			isa = PBXResourcesBuildPhase;
			files = (
				F847CFEC2F5B58270047F285 /* FeedbackView_Hookup.md in Resources */,
				F8F1BAF22F59E354009C2630 /* XCODE_SETUP.md in Resources */,
			);
		};
		F8F1A4902F59DDA9009C2630 /* Resources */ = {
			isa = PBXResourcesBuildPhase;
			files = (
			);
		};
		F8F1A49A2F59DDA9009C2630 /* Resources */ = {
			isa = PBXResourcesBuildPhase;
			files = (
			);
		};
		F8F1BB1E2F5A20A5009C2630 /* Resources */ = {
			isa = PBXResourcesBuildPhase;
			files = (
			);
		};
		F8F1BB2E2F5A20A7009C2630 /* Resources */ = {
			isa = PBXResourcesBuildPhase;
			files = (
			);
		};
		F8F1BB382F5A20A7009C2630 /* Resources */ = {
			isa = PBXResourcesBuildPhase;
			files = (
			);
		};
/* End PBXResourcesBuildPhase section */

/* Begin PBXSourcesBuildPhase section */
		F8F1A47F2F59DDA7009C2630 /* Sources */ = {
			isa = PBXSourcesBuildPhase;
			files = (
			);
		};
		F8F1A48E2F59DDA9009C2630 /* Sources */ = {
			isa = PBXSourcesBuildPhase;
			files = (
			);
		};
		F8F1A4982F59DDA9009C2630 /* Sources */ = {
			isa = PBXSourcesBuildPhase;
			files = (
			);
		};
		F8F1BB1C2F5A20A5009C2630 /* Sources */ = {
			isa = PBXSourcesBuildPhase;
			files = (
			);
		};
		F8F1BB2C2F5A20A7009C2630 /* Sources */ = {
			isa = PBXSourcesBuildPhase;
			files = (
			);
		};
		F8F1BB362F5A20A7009C2630 /* Sources */ = {
			isa = PBXSourcesBuildPhase;
			files = (
			);
		};
/* End PBXSourcesBuildPhase section */

/* Begin PBXTargetDependency section */
		F8F1A4942F59DDA9009C2630 /* PBXTargetDependency */ = {
			isa = PBXTargetDependency;
			target = F8F1A4822F59DDA7009C2630 /* GutSense */;
			targetProxy = F8F1A4932F59DDA9009C2630 /* PBXContainerItemProxy */;
		};
		F8F1A49E2F59DDA9009C2630 /* PBXTargetDependency */ = {
			isa = PBXTargetDependency;
			target = F8F1A4822F59DDA7009C2630 /* GutSense */;
			targetProxy = F8F1A49D2F59DDA9009C2630 /* PBXContainerItemProxy */;
		};
		F8F1BB322F5A20A7009C2630 /* PBXTargetDependency */ = {
			isa = PBXTargetDependency;
			target = F8F1BB1F2F5A20A5009C2630 /* StrongGutAppClip */;
			targetProxy = F8F1BB312F5A20A7009C2630 /* PBXContainerItemProxy */;
		};
		F8F1BB3C2F5A20A7009C2630 /* PBXTargetDependency */ = {
			isa = PBXTargetDependency;
			target = F8F1BB1F2F5A20A5009C2630 /* StrongGutAppClip */;
			targetProxy = F8F1BB3B2F5A20A7009C2630 /* PBXContainerItemProxy */;
		};
		F8F1BB432F5A20A7009C2630 /* PBXTargetDependency */ = {
			isa = PBXTargetDependency;
			target = F8F1BB1F2F5A20A5009C2630 /* StrongGutAppClip */;
			targetProxy = F8F1BB422F5A20A7009C2630 /* PBXContainerItemProxy */;
		};
/* End PBXTargetDependency section */

/* Begin XCBuildConfiguration section */
		F8F1A4A42F59DDA9009C2630 /* Debug configuration for PBXProject "GutSense" */ = {
			isa = XCBuildConfiguration;
			buildSettings = {
				ALWAYS_SEARCH_USER_PATHS = NO;
				ASSETCATALOG_COMPILER_GENERATE_SWIFT_ASSET_SYMBOL_EXTENSIONS = YES;
				CLANG_ANALYZER_NONNULL = YES;
				CLANG_ANALYZER_NUMBER_OBJECT_CONVERSION = YES_AGGRESSIVE;
				CLANG_CXX_LANGUAGE_STANDARD = "gnu++20";
				CLANG_ENABLE_MODULES = YES;
				CLANG_ENABLE_OBJC_ARC = YES;
				CLANG_ENABLE_OBJC_WEAK = YES;
				CLANG_WARN_BLOCK_CAPTURE_AUTORELEASING = YES;
				CLANG_WARN_BOOL_CONVERSION = YES;
				CLANG_WARN_COMMA = YES;
				CLANG_WARN_CONSTANT_CONVERSION = YES;
				CLANG_WARN_DEPRECATED_OBJC_IMPLEMENTATIONS = YES;
				CLANG_WARN_DIRECT_OBJC_ISA_USAGE = YES_ERROR;
				CLANG_WARN_DOCUMENTATION_COMMENTS = YES;
				CLANG_WARN_EMPTY_BODY = YES;
				CLANG_WARN_ENUM_CONVERSION = YES;
				CLANG_WARN_INFINITE_RECURSION = YES;
				CLANG_WARN_INT_CONVERSION = YES;
				CLANG_WARN_NON_LITERAL_NULL_CONVERSION = YES;
				CLANG_WARN_OBJC_IMPLICIT_RETAIN_SELF = YES;
				CLANG_WARN_OBJC_LITERAL_CONVERSION = YES;
				CLANG_WARN_OBJC_ROOT_CLASS = YES_ERROR;
				CLANG_WARN_QUOTED_INCLUDE_IN_FRAMEWORK_HEADER = YES;
				CLANG_WARN_RANGE_LOOP_ANALYSIS = YES;
				CLANG_WARN_STRICT_PROTOTYPES = YES;
				CLANG_WARN_SUSPICIOUS_MOVE = YES;
				CLANG_WARN_UNGUARDED_AVAILABILITY = YES_AGGRESSIVE;
				CLANG_WARN_UNREACHABLE_CODE = YES;
				CLANG_WARN__DUPLICATE_METHOD_MATCH = YES;
				COPY_PHASE_STRIP = NO;
				DEBUG_INFORMATION_FORMAT = dwarf;
				DEVELOPMENT_TEAM = YKHW2TJ32G;
				ENABLE_STRICT_OBJC_MSGSEND = YES;
				ENABLE_TESTABILITY = YES;
				ENABLE_USER_SCRIPT_SANDBOXING = YES;
				GCC_C_LANGUAGE_STANDARD = gnu17;
				GCC_DYNAMIC_NO_PIC = NO;
				GCC_NO_COMMON_BLOCKS = YES;
				GCC_OPTIMIZATION_LEVEL = 0;
				GCC_PREPROCESSOR_DEFINITIONS = (
					"DEBUG=1",
					"$(inherited)",
				);
				GCC_WARN_64_TO_32_BIT_CONVERSION = YES;
				GCC_WARN_ABOUT_RETURN_TYPE = YES_ERROR;
				GCC_WARN_UNDECLARED_SELECTOR = YES;
				GCC_WARN_UNINITIALIZED_AUTOS = YES_AGGRESSIVE;
				GCC_WARN_UNUSED_FUNCTION = YES;
				GCC_WARN_UNUSED_VARIABLE = YES;
				LOCALIZATION_PREFERS_STRING_CATALOGS = YES;
				MTL_ENABLE_DEBUG_INFO = INCLUDE_SOURCE;
				MTL_FAST_MATH = YES;
				ONLY_ACTIVE_ARCH = YES;
				SWIFT_ACTIVE_COMPILATION_CONDITIONS = "DEBUG $(inherited)";
				SWIFT_OPTIMIZATION_LEVEL = "-Onone";
			};
			name = Debug;
		};
		F8F1A4A52F59DDA9009C2630 /* Release configuration for PBXProject "GutSense" */ = {
			isa = XCBuildConfiguration;
			buildSettings = {
				ALWAYS_SEARCH_USER_PATHS = NO;
				ASSETCATALOG_COMPILER_GENERATE_SWIFT_ASSET_SYMBOL_EXTENSIONS = YES;
				CLANG_ANALYZER_NONNULL = YES;
				CLANG_ANALYZER_NUMBER_OBJECT_CONVERSION = YES_AGGRESSIVE;
				CLANG_CXX_LANGUAGE_STANDARD = "gnu++20";
				CLANG_ENABLE_MODULES = YES;
				CLANG_ENABLE_OBJC_ARC = YES;
				CLANG_ENABLE_OBJC_WEAK = YES;
				CLANG_WARN_BLOCK_CAPTURE_AUTORELEASING = YES;
				CLANG_WARN_BOOL_CONVERSION = YES;
				CLANG_WARN_COMMA = YES;
				CLANG_WARN_CONSTANT_CONVERSION = YES;
				CLANG_WARN_DEPRECATED_OBJC_IMPLEMENTATIONS = YES;
				CLANG_WARN_DIRECT_OBJC_ISA_USAGE = YES_ERROR;
				CLANG_WARN_DOCUMENTATION_COMMENTS = YES;
				CLANG_WARN_EMPTY_BODY = YES;
				CLANG_WARN_ENUM_CONVERSION = YES;
				CLANG_WARN_INFINITE_RECURSION = YES;
				CLANG_WARN_INT_CONVERSION = YES;
				CLANG_WARN_NON_LITERAL_NULL_CONVERSION = YES;
				CLANG_WARN_OBJC_IMPLICIT_RETAIN_SELF = YES;
				CLANG_WARN_OBJC_LITERAL_CONVERSION = YES;
				CLANG_WARN_OBJC_ROOT_CLASS = YES_ERROR;
				CLANG_WARN_QUOTED_INCLUDE_IN_FRAMEWORK_HEADER = YES;
				CLANG_WARN_RANGE_LOOP_ANALYSIS = YES;
				CLANG_WARN_STRICT_PROTOTYPES = YES;
				CLANG_WARN_SUSPICIOUS_MOVE = YES;
				CLANG_WARN_UNGUARDED_AVAILABILITY = YES_AGGRESSIVE;
				CLANG_WARN_UNREACHABLE_CODE = YES;
				CLANG_WARN__DUPLICATE_METHOD_MATCH = YES;
				COPY_PHASE_STRIP = NO;
				DEBUG_INFORMATION_FORMAT = "dwarf-with-dsym";
				DEVELOPMENT_TEAM = YKHW2TJ32G;
				ENABLE_NS_ASSERTIONS = NO;
				ENABLE_STRICT_OBJC_MSGSEND = YES;
				ENABLE_USER_SCRIPT_SANDBOXING = YES;
				GCC_C_LANGUAGE_STANDARD = gnu17;
				GCC_NO_COMMON_BLOCKS = YES;
				GCC_WARN_64_TO_32_BIT_CONVERSION = YES;
				GCC_WARN_ABOUT_RETURN_TYPE = YES_ERROR;
				GCC_WARN_UNDECLARED_SELECTOR = YES;
				GCC_WARN_UNINITIALIZED_AUTOS = YES_AGGRESSIVE;
				GCC_WARN_UNUSED_FUNCTION = YES;
				GCC_WARN_UNUSED_VARIABLE = YES;
				LOCALIZATION_PREFERS_STRING_CATALOGS = YES;
				MTL_ENABLE_DEBUG_INFO = NO;
				MTL_FAST_MATH = YES;
				SWIFT_COMPILATION_MODE = wholemodule;
			};
			name = Release;
		};
		F8F1A4A72F59DDA9009C2630 /* Debug configuration for PBXNativeTarget "GutSense" */ = {
			isa = XCBuildConfiguration;
			buildSettings = {
				ASSETCATALOG_COMPILER_APPICON_NAME = AppIcon;
				ASSETCATALOG_COMPILER_GLOBAL_ACCENT_COLOR_NAME = AccentColor;
				ASSETCATALOG_COMPILER_INCLUDE_ALL_APPICON_ASSETS = YES;
				CODE_SIGN_ENTITLEMENTS = GutSense/GutSense.entitlements;
				CODE_SIGN_STYLE = Automatic;
				CURRENT_PROJECT_VERSION = 17;
				DEVELOPMENT_TEAM = YKHW2TJ32G;
				ENABLE_APP_SANDBOX = YES;
				ENABLE_HARDENED_RUNTIME = YES;
				ENABLE_PREVIEWS = YES;
				ENABLE_USER_SELECTED_FILES = readonly;
				GENERATE_INFOPLIST_FILE = YES;
				INFOPLIST_FILE = GutSense/Info.plist;
				INFOPLIST_KEY_CFBundleDisplayName = "Carols Gut";
				INFOPLIST_KEY_ITSAppUsesNonExemptEncryption = NO;
				INFOPLIST_KEY_LSApplicationCategoryType = "public.app-category.food-and-drink";
				INFOPLIST_KEY_NSCameraUsageDescription = "We need camera access to scan barcodes on food products for FODMAP analysis";
				INFOPLIST_KEY_NSPhotoLibraryUsageDescription = "We need photo library access to analyze food images for ​FODMAP content";
				"INFOPLIST_KEY_UIApplicationSceneManifest_Generation[sdk=iphoneos*]" = YES;
				"INFOPLIST_KEY_UIApplicationSceneManifest_Generation[sdk=iphonesimulator*]" = YES;
				"INFOPLIST_KEY_UIApplicationSupportsIndirectInputEvents[sdk=iphoneos*]" = YES;
				"INFOPLIST_KEY_UIApplicationSupportsIndirectInputEvents[sdk=iphonesimulator*]" = YES;
				"INFOPLIST_KEY_UILaunchScreen_Generation[sdk=iphoneos*]" = YES;
				"INFOPLIST_KEY_UILaunchScreen_Generation[sdk=iphonesimulator*]" = YES;
				"INFOPLIST_KEY_UIStatusBarStyle[sdk=iphoneos*]" = UIStatusBarStyleDefault;
				"INFOPLIST_KEY_UIStatusBarStyle[sdk=iphonesimulator*]" = UIStatusBarStyleDefault;
				INFOPLIST_KEY_UISupportedInterfaceOrientations_iPad = "UIInterfaceOrientationPortrait UIInterfaceOrientationPortraitUpsideDown UIInterfaceOrientationLandscapeLeft UIInterfaceOrientationLandscapeRight";
				INFOPLIST_KEY_UISupportedInterfaceOrientations_iPhone = "UIInterfaceOrientationPortrait UIInterfaceOrientationLandscapeLeft UIInterfaceOrientationLandscapeRight";
				IPHONEOS_DEPLOYMENT_TARGET = 26.2;
				LD_RUNPATH_SEARCH_PATHS = "@executable_path/Frameworks";
				"LD_RUNPATH_SEARCH_PATHS[sdk=macosx*]" = "@executable_path/../Frameworks";
				LIBRARY_SEARCH_PATHS = "$(inherited)";
				MACOSX_DEPLOYMENT_TARGET = 26.2;
				MARKETING_VERSION = 3.0;
				PRODUCT_BUNDLE_IDENTIFIER = com.headydiscy.isg;
				PRODUCT_NAME = "$(TARGET_NAME)";
				REGISTER_APP_GROUPS = YES;
				SDKROOT = auto;
				STRING_CATALOG_GENERATE_SYMBOLS = YES;
				SUPPORTED_PLATFORMS = "iphoneos iphonesimulator";
				SUPPORTS_MACCATALYST = NO;
				SWIFT_APPROACHABLE_CONCURRENCY = YES;
				SWIFT_DEFAULT_ACTOR_ISOLATION = MainActor;
				SWIFT_EMIT_LOC_STRINGS = YES;
				SWIFT_UPCOMING_FEATURE_MEMBER_IMPORT_VISIBILITY = YES;
				SWIFT_VERSION = 5.0;
				TARGETED_DEVICE_FAMILY = "1,2";
				XROS_DEPLOYMENT_TARGET = 26.2;
			};
			name = Debug;
		};
		F8F1A4A82F59DDA9009C2630 /* Release configuration for PBXNativeTarget "GutSense" */ = {
			isa = XCBuildConfiguration;
			buildSettings = {
				ASSETCATALOG_COMPILER_APPICON_NAME = AppIcon;
				ASSETCATALOG_COMPILER_GLOBAL_ACCENT_COLOR_NAME = AccentColor;
				ASSETCATALOG_COMPILER_INCLUDE_ALL_APPICON_ASSETS = YES;
				CODE_SIGN_ENTITLEMENTS = GutSense/GutSense.entitlements;
				CODE_SIGN_STYLE = Automatic;
				CURRENT_PROJECT_VERSION = 17;
				DEVELOPMENT_TEAM = YKHW2TJ32G;
				ENABLE_APP_SANDBOX = YES;
				ENABLE_HARDENED_RUNTIME = YES;
				ENABLE_PREVIEWS = YES;
				ENABLE_USER_SELECTED_FILES = readonly;
				GENERATE_INFOPLIST_FILE = YES;
				INFOPLIST_FILE = GutSense/Info.plist;
				INFOPLIST_KEY_CFBundleDisplayName = "Carols Gut";
				INFOPLIST_KEY_ITSAppUsesNonExemptEncryption = NO;
				INFOPLIST_KEY_LSApplicationCategoryType = "public.app-category.food-and-drink";
				INFOPLIST_KEY_NSCameraUsageDescription = "We need camera access to scan barcodes on food products for FODMAP analysis";
				INFOPLIST_KEY_NSPhotoLibraryUsageDescription = "We need photo library access to analyze food images for ​FODMAP content";
				"INFOPLIST_KEY_UIApplicationSceneManifest_Generation[sdk=iphoneos*]" = YES;
				"INFOPLIST_KEY_UIApplicationSceneManifest_Generation[sdk=iphonesimulator*]" = YES;
				"INFOPLIST_KEY_UIApplicationSupportsIndirectInputEvents[sdk=iphoneos*]" = YES;
				"INFOPLIST_KEY_UIApplicationSupportsIndirectInputEvents[sdk=iphonesimulator*]" = YES;
				"INFOPLIST_KEY_UILaunchScreen_Generation[sdk=iphoneos*]" = YES;
				"INFOPLIST_KEY_UILaunchScreen_Generation[sdk=iphonesimulator*]" = YES;
				"INFOPLIST_KEY_UIStatusBarStyle[sdk=iphoneos*]" = UIStatusBarStyleDefault;
				"INFOPLIST_KEY_UIStatusBarStyle[sdk=iphonesimulator*]" = UIStatusBarStyleDefault;
				INFOPLIST_KEY_UISupportedInterfaceOrientations_iPad = "UIInterfaceOrientationPortrait UIInterfaceOrientationPortraitUpsideDown UIInterfaceOrientationLandscapeLeft UIInterfaceOrientationLandscapeRight";
				INFOPLIST_KEY_UISupportedInterfaceOrientations_iPhone = "UIInterfaceOrientationPortrait UIInterfaceOrientationLandscapeLeft UIInterfaceOrientationLandscapeRight";
				IPHONEOS_DEPLOYMENT_TARGET = 26.2;
				LD_RUNPATH_SEARCH_PATHS = "@executable_path/Frameworks";
				"LD_RUNPATH_SEARCH_PATHS[sdk=macosx*]" = "@executable_path/../Frameworks";
				LIBRARY_SEARCH_PATHS = "$(inherited)";
				MACOSX_DEPLOYMENT_TARGET = 26.2;
				MARKETING_VERSION = 3.0;
				PRODUCT_BUNDLE_IDENTIFIER = com.headydiscy.isg;
				PRODUCT_NAME = "$(TARGET_NAME)";
				REGISTER_APP_GROUPS = YES;
				SDKROOT = auto;
				STRING_CATALOG_GENERATE_SYMBOLS = YES;
				SUPPORTED_PLATFORMS = "iphoneos iphonesimulator";
				SUPPORTS_MACCATALYST = NO;
				SWIFT_APPROACHABLE_CONCURRENCY = YES;
				SWIFT_DEFAULT_ACTOR_ISOLATION = MainActor;
				SWIFT_EMIT_LOC_STRINGS = YES;
				SWIFT_UPCOMING_FEATURE_MEMBER_IMPORT_VISIBILITY = YES;
				SWIFT_VERSION = 5.0;
				TARGETED_DEVICE_FAMILY = "1,2";
				XROS_DEPLOYMENT_TARGET = 26.2;
			};
			name = Release;
		};
		F8F1A4AA2F59DDA9009C2630 /* Debug configuration for PBXNativeTarget "GutSenseTests" */ = {
			isa = XCBuildConfiguration;
			buildSettings = {
				BUNDLE_LOADER = "$(TEST_HOST)";
				CODE_SIGN_STYLE = Automatic;
				CURRENT_PROJECT_VERSION = 1;
				DEVELOPMENT_TEAM = YKHW2TJ32G;
				GENERATE_INFOPLIST_FILE = YES;
				IPHONEOS_DEPLOYMENT_TARGET = 26.2;
				MACOSX_DEPLOYMENT_TARGET = 26.2;
				MARKETING_VERSION = 1.0;
				PRODUCT_BUNDLE_IDENTIFIER = com.headydiscy.GutSenseTests;
				PRODUCT_NAME = "$(TARGET_NAME)";
				SDKROOT = auto;
				STRING_CATALOG_GENERATE_SYMBOLS = NO;
				SUPPORTED_PLATFORMS = "iphoneos iphonesimulator xros xrsimulator";
				SWIFT_APPROACHABLE_CONCURRENCY = YES;
				SWIFT_EMIT_LOC_STRINGS = NO;
				SWIFT_UPCOMING_FEATURE_MEMBER_IMPORT_VISIBILITY = YES;
				SWIFT_VERSION = 5.0;
				TARGETED_DEVICE_FAMILY = "1,2,7";
				TEST_HOST = "$(BUILT_PRODUCTS_DIR)/GutSense.app/$(BUNDLE_EXECUTABLE_FOLDER_PATH)/GutSense";
				XROS_DEPLOYMENT_TARGET = 26.2;
			};
			name = Debug;
		};
		F8F1A4AB2F59DDA9009C2630 /* Release configuration for PBXNativeTarget "GutSenseTests" */ = {
			isa = XCBuildConfiguration;
			buildSettings = {
				BUNDLE_LOADER = "$(TEST_HOST)";
				CODE_SIGN_STYLE = Automatic;
				CURRENT_PROJECT_VERSION = 1;
				DEVELOPMENT_TEAM = YKHW2TJ32G;
				GENERATE_INFOPLIST_FILE = YES;
				IPHONEOS_DEPLOYMENT_TARGET = 26.2;
				MACOSX_DEPLOYMENT_TARGET = 26.2;
				MARKETING_VERSION = 1.0;
				PRODUCT_BUNDLE_IDENTIFIER = com.headydiscy.GutSenseTests;
				PRODUCT_NAME = "$(TARGET_NAME)";
				SDKROOT = auto;
				STRING_CATALOG_GENERATE_SYMBOLS = NO;
				SUPPORTED_PLATFORMS = "iphoneos iphonesimulator xros xrsimulator";
				SWIFT_APPROACHABLE_CONCURRENCY = YES;
				SWIFT_EMIT_LOC_STRINGS = NO;
				SWIFT_UPCOMING_FEATURE_MEMBER_IMPORT_VISIBILITY = YES;
				SWIFT_VERSION = 5.0;
				TARGETED_DEVICE_FAMILY = "1,2,7";
				TEST_HOST = "$(BUILT_PRODUCTS_DIR)/GutSense.app/$(BUNDLE_EXECUTABLE_FOLDER_PATH)/GutSense";
				XROS_DEPLOYMENT_TARGET = 26.2;
			};
			name = Release;
		};
		F8F1A4AD2F59DDA9009C2630 /* Debug configuration for PBXNativeTarget "GutSenseUITests" */ = {
			isa = XCBuildConfiguration;
			buildSettings = {
				CODE_SIGN_STYLE = Automatic;
				CURRENT_PROJECT_VERSION = 1;
				DEVELOPMENT_TEAM = YKHW2TJ32G;
				GENERATE_INFOPLIST_FILE = YES;
				IPHONEOS_DEPLOYMENT_TARGET = 26.2;
				MACOSX_DEPLOYMENT_TARGET = 26.2;
				MARKETING_VERSION = 1.0;
				PRODUCT_BUNDLE_IDENTIFIER = com.headydiscy.GutSenseUITests;
				PRODUCT_NAME = "$(TARGET_NAME)";
				SDKROOT = auto;
				STRING_CATALOG_GENERATE_SYMBOLS = NO;
				SUPPORTED_PLATFORMS = "iphoneos iphonesimulator";
				SUPPORTS_MACCATALYST = NO;
				SWIFT_APPROACHABLE_CONCURRENCY = YES;
				SWIFT_EMIT_LOC_STRINGS = NO;
				SWIFT_UPCOMING_FEATURE_MEMBER_IMPORT_VISIBILITY = YES;
				SWIFT_VERSION = 5.0;
				TARGETED_DEVICE_FAMILY = "1,2";
				TEST_TARGET_NAME = GutSense;
				XROS_DEPLOYMENT_TARGET = 26.2;
			};
			name = Debug;
		};
		F8F1A4AE2F59DDA9009C2630 /* Release configuration for PBXNativeTarget "GutSenseUITests" */ = {
			isa = XCBuildConfiguration;
			buildSettings = {
				CODE_SIGN_STYLE = Automatic;
				CURRENT_PROJECT_VERSION = 1;
				DEVELOPMENT_TEAM = YKHW2TJ32G;
				GENERATE_INFOPLIST_FILE = YES;
				IPHONEOS_DEPLOYMENT_TARGET = 26.2;
				MACOSX_DEPLOYMENT_TARGET = 26.2;
				MARKETING_VERSION = 1.0;
				PRODUCT_BUNDLE_IDENTIFIER = com.headydiscy.GutSenseUITests;
				PRODUCT_NAME = "$(TARGET_NAME)";
				SDKROOT = auto;
				STRING_CATALOG_GENERATE_SYMBOLS = NO;
				SUPPORTED_PLATFORMS = "iphoneos iphonesimulator";
				SUPPORTS_MACCATALYST = NO;
				SWIFT_APPROACHABLE_CONCURRENCY = YES;
				SWIFT_EMIT_LOC_STRINGS = NO;
				SWIFT_UPCOMING_FEATURE_MEMBER_IMPORT_VISIBILITY = YES;
				SWIFT_VERSION = 5.0;
				TARGETED_DEVICE_FAMILY = "1,2";
				TEST_TARGET_NAME = GutSense;
				XROS_DEPLOYMENT_TARGET = 26.2;
			};
			name = Release;
		};
		F8F1BB472F5A20A7009C2630 /* Debug configuration for PBXNativeTarget "StrongGutAppClip" */ = {
			isa = XCBuildConfiguration;
			buildSettings = {
				ASSETCATALOG_COMPILER_APPICON_NAME = AppIcon;
				ASSETCATALOG_COMPILER_GLOBAL_ACCENT_COLOR_NAME = AccentColor;
				CODE_SIGN_ENTITLEMENTS = StrongGutAppClip/StrongGutAppClip.entitlements;
				CODE_SIGN_STYLE = Automatic;
				CURRENT_PROJECT_VERSION = 17;
				DEVELOPMENT_TEAM = YKHW2TJ32G;
				ENABLE_PREVIEWS = YES;
				GENERATE_INFOPLIST_FILE = YES;
				INFOPLIST_FILE = StrongGutAppClip/Info.plist;
				INFOPLIST_KEY_CFBundleDisplayName = "Carols Gut";
				INFOPLIST_KEY_ITSAppUsesNonExemptEncryption = NO;
				INFOPLIST_KEY_NSCameraUsageDescription = "We need camera access to scan barcodes on food products for FODMAP analysis";
				INFOPLIST_KEY_NSPhotoLibraryUsageDescription = "We need photo library access to analyze food images for FODMAP content";
				INFOPLIST_KEY_UIApplicationSceneManifest_Generation = YES;
				INFOPLIST_KEY_UIApplicationSupportsIndirectInputEvents = YES;
				INFOPLIST_KEY_UILaunchScreen_Generation = YES;
				INFOPLIST_KEY_UISupportedInterfaceOrientations_iPad = "UIInterfaceOrientationPortrait UIInterfaceOrientationPortraitUpsideDown UIInterfaceOrientationLandscapeLeft UIInterfaceOrientationLandscapeRight";
				INFOPLIST_KEY_UISupportedInterfaceOrientations_iPhone = "UIInterfaceOrientationPortrait UIInterfaceOrientationLandscapeLeft UIInterfaceOrientationLandscapeRight";
				IPHONEOS_DEPLOYMENT_TARGET = 26.2;
				LD_RUNPATH_SEARCH_PATHS = (
					"$(inherited)",
					"@executable_path/Frameworks",
				);
				MARKETING_VERSION = 3.0;
				PRODUCT_BUNDLE_IDENTIFIER = com.headydiscy.isg.Clip;
				PRODUCT_NAME = "$(TARGET_NAME)";
				SDKROOT = iphoneos;
				STRING_CATALOG_GENERATE_SYMBOLS = YES;
				SUPPORTED_PLATFORMS = "iphoneos iphonesimulator";
				SUPPORTS_MACCATALYST = NO;
				SUPPORTS_MAC_DESIGNED_FOR_IPHONE_IPAD = NO;
				SWIFT_APPROACHABLE_CONCURRENCY = YES;
				SWIFT_DEFAULT_ACTOR_ISOLATION = MainActor;
				SWIFT_EMIT_LOC_STRINGS = YES;
				SWIFT_UPCOMING_FEATURE_MEMBER_IMPORT_VISIBILITY = YES;
				SWIFT_VERSION = 5.0;
				TARGETED_DEVICE_FAMILY = "1,2,7";
			};
			name = Debug;
		};
		F8F1BB482F5A20A7009C2630 /* Release configuration for PBXNativeTarget "StrongGutAppClip" */ = {
			isa = XCBuildConfiguration;
			buildSettings = {
				ASSETCATALOG_COMPILER_APPICON_NAME = AppIcon;
				ASSETCATALOG_COMPILER_GLOBAL_ACCENT_COLOR_NAME = AccentColor;
				CODE_SIGN_ENTITLEMENTS = StrongGutAppClip/StrongGutAppClip.entitlements;
				CODE_SIGN_STYLE = Automatic;
				CURRENT_PROJECT_VERSION = 17;
				DEVELOPMENT_TEAM = YKHW2TJ32G;
				ENABLE_PREVIEWS = YES;
				GENERATE_INFOPLIST_FILE = YES;
				INFOPLIST_FILE = StrongGutAppClip/Info.plist;
				INFOPLIST_KEY_CFBundleDisplayName = "Carols Gut";
				INFOPLIST_KEY_ITSAppUsesNonExemptEncryption = NO;
				INFOPLIST_KEY_NSCameraUsageDescription = "We need camera access to scan barcodes on food products for FODMAP analysis";
				INFOPLIST_KEY_NSPhotoLibraryUsageDescription = "We need photo library access to analyze food images for FODMAP content";
				INFOPLIST_KEY_UIApplicationSceneManifest_Generation = YES;
				INFOPLIST_KEY_UIApplicationSupportsIndirectInputEvents = YES;
				INFOPLIST_KEY_UILaunchScreen_Generation = YES;
				INFOPLIST_KEY_UISupportedInterfaceOrientations_iPad = "UIInterfaceOrientationPortrait UIInterfaceOrientationPortraitUpsideDown UIInterfaceOrientationLandscapeLeft UIInterfaceOrientationLandscapeRight";
				INFOPLIST_KEY_UISupportedInterfaceOrientations_iPhone = "UIInterfaceOrientationPortrait UIInterfaceOrientationLandscapeLeft UIInterfaceOrientationLandscapeRight";
				IPHONEOS_DEPLOYMENT_TARGET = 26.2;
				LD_RUNPATH_SEARCH_PATHS = (
					"$(inherited)",
					"@executable_path/Frameworks",
				);
				MARKETING_VERSION = 3.0;
				PRODUCT_BUNDLE_IDENTIFIER = com.headydiscy.isg.Clip;
				PRODUCT_NAME = "$(TARGET_NAME)";
				SDKROOT = iphoneos;
				STRING_CATALOG_GENERATE_SYMBOLS = YES;
				SUPPORTED_PLATFORMS = "iphoneos iphonesimulator";
				SUPPORTS_MACCATALYST = NO;
				SUPPORTS_MAC_DESIGNED_FOR_IPHONE_IPAD = NO;
				SWIFT_APPROACHABLE_CONCURRENCY = YES;
				SWIFT_DEFAULT_ACTOR_ISOLATION = MainActor;
				SWIFT_EMIT_LOC_STRINGS = YES;
				SWIFT_UPCOMING_FEATURE_MEMBER_IMPORT_VISIBILITY = YES;
				SWIFT_VERSION = 5.0;
				TARGETED_DEVICE_FAMILY = "1,2,7";
				VALIDATE_PRODUCT = YES;
			};
			name = Release;
		};
		F8F1BB4B2F5A20A7009C2630 /* Debug configuration for PBXNativeTarget "StrongGutAppClipTests" */ = {
			isa = XCBuildConfiguration;
			buildSettings = {
				BUNDLE_LOADER = "$(TEST_HOST)";
				CODE_SIGN_STYLE = Automatic;
				CURRENT_PROJECT_VERSION = 1;
				DEVELOPMENT_TEAM = YKHW2TJ32G;
				GENERATE_INFOPLIST_FILE = YES;
				IPHONEOS_DEPLOYMENT_TARGET = 26.2;
				MARKETING_VERSION = 1.0;
				PRODUCT_BUNDLE_IDENTIFIER = com.headydiscy.isg.StrongGutAppClipTests;
				PRODUCT_NAME = "$(TARGET_NAME)";
				SDKROOT = iphoneos;
				STRING_CATALOG_GENERATE_SYMBOLS = NO;
				SWIFT_APPROACHABLE_CONCURRENCY = YES;
				SWIFT_EMIT_LOC_STRINGS = NO;
				SWIFT_UPCOMING_FEATURE_MEMBER_IMPORT_VISIBILITY = YES;
				SWIFT_VERSION = 5.0;
				TARGETED_DEVICE_FAMILY = "1,2,7";
				TEST_HOST = "$(BUILT_PRODUCTS_DIR)/StrongGutAppClip.app/$(BUNDLE_EXECUTABLE_FOLDER_PATH)/StrongGutAppClip";
			};
			name = Debug;
		};
		F8F1BB4C2F5A20A7009C2630 /* Release configuration for PBXNativeTarget "StrongGutAppClipTests" */ = {
			isa = XCBuildConfiguration;
			buildSettings = {
				BUNDLE_LOADER = "$(TEST_HOST)";
				CODE_SIGN_STYLE = Automatic;
				CURRENT_PROJECT_VERSION = 1;
				DEVELOPMENT_TEAM = YKHW2TJ32G;
				GENERATE_INFOPLIST_FILE = YES;
				IPHONEOS_DEPLOYMENT_TARGET = 26.2;
				MARKETING_VERSION = 1.0;
				PRODUCT_BUNDLE_IDENTIFIER = com.headydiscy.isg.StrongGutAppClipTests;
				PRODUCT_NAME = "$(TARGET_NAME)";
				SDKROOT = iphoneos;
				STRING_CATALOG_GENERATE_SYMBOLS = NO;
				SWIFT_APPROACHABLE_CONCURRENCY = YES;
				SWIFT_EMIT_LOC_STRINGS = NO;
				SWIFT_UPCOMING_FEATURE_MEMBER_IMPORT_VISIBILITY = YES;
				SWIFT_VERSION = 5.0;
				TARGETED_DEVICE_FAMILY = "1,2,7";
				TEST_HOST = "$(BUILT_PRODUCTS_DIR)/StrongGutAppClip.app/$(BUNDLE_EXECUTABLE_FOLDER_PATH)/StrongGutAppClip";
				VALIDATE_PRODUCT = YES;
			};
			name = Release;
		};
		F8F1BB4E2F5A20A7009C2630 /* Debug configuration for PBXNativeTarget "StrongGutAppClipUITests" */ = {
			isa = XCBuildConfiguration;
			buildSettings = {
				CODE_SIGN_STYLE = Automatic;
				CURRENT_PROJECT_VERSION = 1;
				DEVELOPMENT_TEAM = YKHW2TJ32G;
				GENERATE_INFOPLIST_FILE = YES;
				IPHONEOS_DEPLOYMENT_TARGET = 26.2;
				MARKETING_VERSION = 1.0;
				PRODUCT_BUNDLE_IDENTIFIER = com.headydiscy.isg.StrongGutAppClipUITests;
				PRODUCT_NAME = "$(TARGET_NAME)";
				SDKROOT = iphoneos;
				STRING_CATALOG_GENERATE_SYMBOLS = NO;
				SUPPORTED_PLATFORMS = "iphoneos iphonesimulator";
				SUPPORTS_MACCATALYST = NO;
				SWIFT_APPROACHABLE_CONCURRENCY = YES;
				SWIFT_EMIT_LOC_STRINGS = NO;
				SWIFT_UPCOMING_FEATURE_MEMBER_IMPORT_VISIBILITY = YES;
				SWIFT_VERSION = 5.0;
				TARGETED_DEVICE_FAMILY = "1,2,7";
				TEST_TARGET_NAME = StrongGutAppClip;
			};
			name = Debug;
		};
		F8F1BB4F2F5A20A7009C2630 /* Release configuration for PBXNativeTarget "StrongGutAppClipUITests" */ = {
			isa = XCBuildConfiguration;
			buildSettings = {
				CODE_SIGN_STYLE = Automatic;
				CURRENT_PROJECT_VERSION = 1;
				DEVELOPMENT_TEAM = YKHW2TJ32G;
				GENERATE_INFOPLIST_FILE = YES;
				IPHONEOS_DEPLOYMENT_TARGET = 26.2;
				MARKETING_VERSION = 1.0;
				PRODUCT_BUNDLE_IDENTIFIER = com.headydiscy.isg.StrongGutAppClipUITests;
				PRODUCT_NAME = "$(TARGET_NAME)";
				SDKROOT = iphoneos;
				STRING_CATALOG_GENERATE_SYMBOLS = NO;
				SUPPORTED_PLATFORMS = "iphoneos iphonesimulator";
				SUPPORTS_MACCATALYST = NO;
				SWIFT_APPROACHABLE_CONCURRENCY = YES;
				SWIFT_EMIT_LOC_STRINGS = NO;
				SWIFT_UPCOMING_FEATURE_MEMBER_IMPORT_VISIBILITY = YES;
				SWIFT_VERSION = 5.0;
				TARGETED_DEVICE_FAMILY = "1,2,7";
				TEST_TARGET_NAME = StrongGutAppClip;
				VALIDATE_PRODUCT = YES;
			};
			name = Release;
		};
/* End XCBuildConfiguration section */

/* Begin XCConfigurationList section */
		F8F1A47E2F59DDA7009C2630 /* Build configuration list for PBXProject "GutSense" */ = {
			isa = XCConfigurationList;
			buildConfigurations = (
				F8F1A4A42F59DDA9009C2630 /* Debug configuration for PBXProject "GutSense" */,
				F8F1A4A52F59DDA9009C2630 /* Release configuration for PBXProject "GutSense" */,
			);
			defaultConfigurationName = Release;
		};
		F8F1A4A62F59DDA9009C2630 /* Build configuration list for PBXNativeTarget "GutSense" */ = {
			isa = XCConfigurationList;
			buildConfigurations = (
				F8F1A4A72F59DDA9009C2630 /* Debug configuration for PBXNativeTarget "GutSense" */,
				F8F1A4A82F59DDA9009C2630 /* Release configuration for PBXNativeTarget "GutSense" */,
			);
			defaultConfigurationName = Release;
		};
		F8F1A4A92F59DDA9009C2630 /* Build configuration list for PBXNativeTarget "GutSenseTests" */ = {
			isa = XCConfigurationList;
			buildConfigurations = (
				F8F1A4AA2F59DDA9009C2630 /* Debug configuration for PBXNativeTarget "GutSenseTests" */,
				F8F1A4AB2F59DDA9009C2630 /* Release configuration for PBXNativeTarget "GutSenseTests" */,
			);
			defaultConfigurationName = Release;
		};
		F8F1A4AC2F59DDA9009C2630 /* Build configuration list for PBXNativeTarget "GutSenseUITests" */ = {
			isa = XCConfigurationList;
			buildConfigurations = (
				F8F1A4AD2F59DDA9009C2630 /* Debug configuration for PBXNativeTarget "GutSenseUITests" */,
				F8F1A4AE2F59DDA9009C2630 /* Release configuration for PBXNativeTarget "GutSenseUITests" */,
			);
			defaultConfigurationName = Release;
		};
		F8F1BB462F5A20A7009C2630 /* Build configuration list for PBXNativeTarget "StrongGutAppClip" */ = {
			isa = XCConfigurationList;
			buildConfigurations = (
				F8F1BB472F5A20A7009C2630 /* Debug configuration for PBXNativeTarget "StrongGutAppClip" */,
				F8F1BB482F5A20A7009C2630 /* Release configuration for PBXNativeTarget "StrongGutAppClip" */,
			);
			defaultConfigurationName = Release;
		};
		F8F1BB4A2F5A20A7009C2630 /* Build configuration list for PBXNativeTarget "StrongGutAppClipTests" */ = {
			isa = XCConfigurationList;
			buildConfigurations = (
				F8F1BB4B2F5A20A7009C2630 /* Debug configuration for PBXNativeTarget "StrongGutAppClipTests" */,
				F8F1BB4C2F5A20A7009C2630 /* Release configuration for PBXNativeTarget "StrongGutAppClipTests" */,
			);
			defaultConfigurationName = Release;
		};
		F8F1BB4D2F5A20A7009C2630 /* Build configuration list for PBXNativeTarget "StrongGutAppClipUITests" */ = {
			isa = XCConfigurationList;
			buildConfigurations = (
				F8F1BB4E2F5A20A7009C2630 /* Debug configuration for PBXNativeTarget "StrongGutAppClipUITests" */,
				F8F1BB4F2F5A20A7009C2630 /* Release configuration for PBXNativeTarget "StrongGutAppClipUITests" */,
			);
			defaultConfigurationName = Release;
		};
/* End XCConfigurationList section */
	};
	rootObject = F8F1A47B2F59DDA7009C2630 /* Project object */;
}
